<?xml version="1.0" encoding="utf-8"?>
<Project ToolsVersion="4.0" xmlns="http://schemas.microsoft.com/developer/msbuild/2003">
  <ItemGroup>
    <Filter Include="Source Files">
      <UniqueIdentifier>{4FC737F1-C7A5-4376-A066-2A32D752A2FF}</UniqueIdentifier>
      <Extensions>cpp;c;cc;cxx;def;odl;idl;hpj;bat;asm;asmx</Extensions>
    </Filter>
    <Filter Include="Header Files">
      <UniqueIdentifier>{93995380-89BD-4b04-88EB-625FBE52EBFB}</UniqueIdentifier>
      <Extensions>h;hh;hpp;hxx;hm;inl;inc;xsd</Extensions>
    </Filter>
    <Filter Include="Resource Files">
      <UniqueIdentifier>{67DA6AB6-F800-4c08-8B7A-83BB121AAD01}</UniqueIdentifier>
      <Extensions>rc;ico;cur;bmp;dlg;rc2;rct;bin;rgs;gif;jpg;jpeg;jpe;resx;tiff;tif;png;wav;mfcribbon-ms</Extensions>
    </Filter>
  </ItemGroup>
  <ItemGroup>
    <ClInclude Include="datatype\freetype.h">
      <Filter>Header Files</Filter>
    </ClInclude>
    <ClInclude Include="datatype\stringtype.h">
      <Filter>Header Files</Filter>
    </ClInclude>
    <ClInclude Include="datatype\stringtype.hpp">
      <Filter>Header Files</Filter>
    </ClInclude>
    <ClInclude Include="log\logger.h">
      <Filter>Header Files</Filter>
    </ClInclude>
    <ClInclude Include="log\logmessage.h">
      <Filter>Header Files</Filter>
    </ClInclude>
    <ClInclude Include="log\logtimer.h">
      <Filter>Header Files</Filter>
    </ClInclude>
    <ClInclude Include="network\clienthandle.h">
      <Filter>Header Files</Filter>
    </ClInclude>
    <ClInclude Include="network\iclient.h">
      <Filter>Header Files</Filter>
    </ClInclude>
    <ClInclude Include="network\iserver.h">
      <Filter>Header Files</Filter>
    </ClInclude>
    <ClInclude Include="network\message.h">
      <Filter>Header Files</Filter>
    </ClInclude>
    <ClInclude Include="network\message.hpp">
      <Filter>Header Files</Filter>
    </ClInclude>
    <ClInclude Include="network\tcpserver.h">
      <Filter>Header Files</Filter>
    </ClInclude>
    <ClInclude Include="page\page.h">
      <Filter>Header Files</Filter>
    </ClInclude>
    <ClInclude Include="tasking\task.h">
      <Filter>Header Files</Filter>
    </ClInclude>
    <ClInclude Include="tasking\taskqueue.h">
      <Filter>Header Files</Filter>
    </ClInclude>
    <ClInclude Include="thread\spinlock.h">
      <Filter>Header Files</Filter>
    </ClInclude>
    <ClInclude Include="thread\worker.h">
      <Filter>Header Files</Filter>
    </ClInclude>
    <ClInclude Include="assert.h">
      <Filter>Header Files</Filter>
    </ClInclude>
    <ClInclude Include="thread\spinlock.hpp">
      <Filter>Header Files</Filter>
    </ClInclude>
    <ClInclude Include="log\logtimer.hpp">
      <Filter>Header Files</Filter>
    </ClInclude>
    <ClInclude Include="log\logmessage.hpp">
      <Filter>Header Files</Filter>
    </ClInclude>
    <ClInclude Include="tasking\handshake.h">
      <Filter>Header Files</Filter>
    </ClInclude>
    <ClInclude Include="tasking\requesttask.h">
      <Filter>Header Files</Filter>
    </ClInclude>
    <ClInclude Include="datatype\baseType.hpp">
      <Filter>Header Files</Filter>
    </ClInclude>
    <ClInclude Include="datatype\baseType.h">
      <Filter>Header Files</Filter>
    </ClInclude>
    <ClInclude Include="network\messagefactory.h">
      <Filter>Header Files</Filter>
    </ClInclude>
    <ClInclude Include="common\CmdArgs.h">
      <Filter>Header Files</Filter>
    </ClInclude>
    <ClInclude Include="common\configuration.h">
      <Filter>Header Files</Filter>
    </ClInclude>
    <ClInclude Include="tasking\taskqueue.hpp">
      <Filter>Header Files</Filter>
    </ClInclude>
    <ClInclude Include="common\hash.h">
      <Filter>Header Files</Filter>
    </ClInclude>
    <ClInclude Include="common\hash.hpp">
      <Filter>Header Files</Filter>
    </ClInclude>
  </ItemGroup>
  <ItemGroup>
    <ClCompile Include="datatype\freetype.cpp">
      <Filter>Source Files</Filter>
    </ClCompile>
    <ClCompile Include="datatype\stringtype.cpp">
      <Filter>Source Files</Filter>
    </ClCompile>
    <ClCompile Include="log\logger.cpp">
      <Filter>Source Files</Filter>
    </ClCompile>
    <ClCompile Include="log\logmessage.cpp">
      <Filter>Source Files</Filter>
    </ClCompile>
    <ClCompile Include="log\logtimer.cpp">
      <Filter>Source Files</Filter>
    </ClCompile>
    <ClCompile Include="network\clienthandle.cpp">
      <Filter>Source Files</Filter>
    </ClCompile>
    <ClCompile Include="network\message.cpp">
      <Filter>Source Files</Filter>
    </ClCompile>
    <ClCompile Include="network\tcpserver.cpp">
      <Filter>Source Files</Filter>
    </ClCompile>
    <ClCompile Include="page\page.cpp">
      <Filter>Source Files</Filter>
    </ClCompile>
    <ClCompile Include="tasking\taskqueue.cpp">
      <Filter>Source Files</Filter>
    </ClCompile>
    <ClCompile Include="thread\worker.cpp">
      <Filter>Source Files</Filter>
    </ClCompile>
    <ClCompile Include="main.cpp">
      <Filter>Source Files</Filter>
    </ClCompile>
    <ClCompile Include="tasking\handshake.cpp">
      <Filter>Source Files</Filter>
    </ClCompile>
    <ClCompile Include="tasking\requesttask.cpp">
      <Filter>Source Files</Filter>
    </ClCompile>
    <ClCompile Include="network\messagefactory.cpp">
      <Filter>Source Files</Filter>
    </ClCompile>
    <ClCompile Include="common\CmdArgs.cpp">
      <Filter>Source Files</Filter>
    </ClCompile>
    <ClCompile Include="common\configuration.cpp">
      <Filter>Source Files</Filter>
    </ClCompile>
  </ItemGroup>
  <ItemGroup>
    <None Include="config.json" />
  </ItemGroup>
  <ItemGroup>
    <Text Include="log.txt" />
  </ItemGroup>
</Project>